
Microsoft Visual Studio Solution File, Format Version 12.00
# Visual Studio 15
VisualStudioVersion = 15.0.27703.2047
MinimumVisualStudioVersion = 10.0.40219.1
Project("{FAE04EC0-301F-11D3-BF4B-00C04F79EFBC}") = "sales.Android", "sales\sales.Android\sales.Android.csproj", "{CBA3BB72-C42A-4667-AD65-49043B987F73}"
EndProject
Project("{FAE04EC0-301F-11D3-BF4B-00C04F79EFBC}") = "sales.iOS", "sales\sales.iOS\sales.iOS.csproj", "{5AE02AA9-4BD3-4845-87E6-E93A28D8690C}"
EndProject
Project("{FAE04EC0-301F-11D3-BF4B-00C04F79EFBC}") = "sales.UWP", "sales\sales.UWP\sales.UWP.csproj", "{E4D55827-7F92-40AF-B8A6-AC2DBBD50AFE}"
EndProject
Project("{FAE04EC0-301F-11D3-BF4B-00C04F79EFBC}") = "sales", "sales\sales\sales.csproj", "{4FA9F549-24B3-4113-93BC-BDA7BE8B0AF9}"
EndProject
Project("{FAE04EC0-301F-11D3-BF4B-00C04F79EFBC}") = "sales.backend", "sales.backend\sales.backend.csproj", "{96E631A7-7883-4190-B4AB-E706123DE00E}"
EndProject
Project("{FAE04EC0-301F-11D3-BF4B-00C04F79EFBC}") = "sales.api", "sales.api\sales.api.csproj", "{61DED37D-412E-4982-A16B-53F31E197127}"
EndProject
Project("{FAE04EC0-301F-11D3-BF4B-00C04F79EFBC}") = "sales.domain", "sales.domain\sales.domain.csproj", "{57F800F0-8890-4CD7-8F06-90A75C0293D7}"
EndProject
Project("{FAE04EC0-301F-11D3-BF4B-00C04F79EFBC}") = "sales.common", "sales.common\sales.common.csproj", "{49710FF2-896E-44F6-85A7-3B228E1AC929}"
EndProject
Global
	GlobalSection(SolutionConfigurationPlatforms) = preSolution
		Ad-Hoc|Any CPU = Ad-Hoc|Any CPU
		Ad-Hoc|ARM = Ad-Hoc|ARM
		Ad-Hoc|iPhone = Ad-Hoc|iPhone
		Ad-Hoc|iPhoneSimulator = Ad-Hoc|iPhoneSimulator
		Ad-Hoc|x64 = Ad-Hoc|x64
		Ad-Hoc|x86 = Ad-Hoc|x86
		AppStore|Any CPU = AppStore|Any CPU
		AppStore|ARM = AppStore|ARM
		AppStore|iPhone = AppStore|iPhone
		AppStore|iPhoneSimulator = AppStore|iPhoneSimulator
		AppStore|x64 = AppStore|x64
		AppStore|x86 = AppStore|x86
		Debug|Any CPU = Debug|Any CPU
		Debug|ARM = Debug|ARM
		Debug|iPhone = Debug|iPhone
		Debug|iPhoneSimulator = Debug|iPhoneSimulator
		Debug|x64 = Debug|x64
		Debug|x86 = Debug|x86
		Release|Any CPU = Release|Any CPU
		Release|ARM = Release|ARM
		Release|iPhone = Release|iPhone
		Release|iPhoneSimulator = Release|iPhoneSimulator
		Release|x64 = Release|x64
		Release|x86 = Release|x86
	EndGlobalSection
	GlobalSection(ProjectConfigurationPlatforms) = postSolution
		{CBA3BB72-C42A-4667-AD65-49043B987F73}.Ad-Hoc|Any CPU.ActiveCfg = Release|Any CPU
		{CBA3BB72-C42A-4667-AD65-49043B987F73}.Ad-Hoc|Any CPU.Build.0 = Release|Any CPU
		{CBA3BB72-C42A-4667-AD65-49043B987F73}.Ad-Hoc|Any CPU.Deploy.0 = Release|Any CPU
		{CBA3BB72-C42A-4667-AD65-49043B987F73}.Ad-Hoc|ARM.ActiveCfg = Release|Any CPU
		{CBA3BB72-C42A-4667-AD65-49043B987F73}.Ad-Hoc|ARM.Build.0 = Release|Any CPU
		{CBA3BB72-C42A-4667-AD65-49043B987F73}.Ad-Hoc|ARM.Deploy.0 = Release|Any CPU
		{CBA3BB72-C42A-4667-AD65-49043B987F73}.Ad-Hoc|iPhone.ActiveCfg = Release|Any CPU
		{CBA3BB72-C42A-4667-AD65-49043B987F73}.Ad-Hoc|iPhone.Build.0 = Release|Any CPU
		{CBA3BB72-C42A-4667-AD65-49043B987F73}.Ad-Hoc|iPhone.Deploy.0 = Release|Any CPU
		{CBA3BB72-C42A-4667-AD65-49043B987F73}.Ad-Hoc|iPhoneSimulator.ActiveCfg = Release|Any CPU
		{CBA3BB72-C42A-4667-AD65-49043B987F73}.Ad-Hoc|iPhoneSimulator.Build.0 = Release|Any CPU
		{CBA3BB72-C42A-4667-AD65-49043B987F73}.Ad-Hoc|iPhoneSimulator.Deploy.0 = Release|Any CPU
		{CBA3BB72-C42A-4667-AD65-49043B987F73}.Ad-Hoc|x64.ActiveCfg = Release|Any CPU
		{CBA3BB72-C42A-4667-AD65-49043B987F73}.Ad-Hoc|x64.Build.0 = Release|Any CPU
		{CBA3BB72-C42A-4667-AD65-49043B987F73}.Ad-Hoc|x64.Deploy.0 = Release|Any CPU
		{CBA3BB72-C42A-4667-AD65-49043B987F73}.Ad-Hoc|x86.ActiveCfg = Release|Any CPU
		{CBA3BB72-C42A-4667-AD65-49043B987F73}.Ad-Hoc|x86.Build.0 = Release|Any CPU
		{CBA3BB72-C42A-4667-AD65-49043B987F73}.Ad-Hoc|x86.Deploy.0 = Release|Any CPU
		{CBA3BB72-C42A-4667-AD65-49043B987F73}.AppStore|Any CPU.ActiveCfg = Release|Any CPU
		{CBA3BB72-C42A-4667-AD65-49043B987F73}.AppStore|Any CPU.Build.0 = Release|Any CPU
		{CBA3BB72-C42A-4667-AD65-49043B987F73}.AppStore|Any CPU.Deploy.0 = Release|Any CPU
		{CBA3BB72-C42A-4667-AD65-49043B987F73}.AppStore|ARM.ActiveCfg = Release|Any CPU
		{CBA3BB72-C42A-4667-AD65-49043B987F73}.AppStore|ARM.Build.0 = Release|Any CPU
		{CBA3BB72-C42A-4667-AD65-49043B987F73}.AppStore|ARM.Deploy.0 = Release|Any CPU
		{CBA3BB72-C42A-4667-AD65-49043B987F73}.AppStore|iPhone.ActiveCfg = Release|Any CPU
		{CBA3BB72-C42A-4667-AD65-49043B987F73}.AppStore|iPhone.Build.0 = Release|Any CPU
		{CBA3BB72-C42A-4667-AD65-49043B987F73}.AppStore|iPhone.Deploy.0 = Release|Any CPU
		{CBA3BB72-C42A-4667-AD65-49043B987F73}.AppStore|iPhoneSimulator.ActiveCfg = Release|Any CPU
		{CBA3BB72-C42A-4667-AD65-49043B987F73}.AppStore|iPhoneSimulator.Build.0 = Release|Any CPU
		{CBA3BB72-C42A-4667-AD65-49043B987F73}.AppStore|iPhoneSimulator.Deploy.0 = Release|Any CPU
		{CBA3BB72-C42A-4667-AD65-49043B987F73}.AppStore|x64.ActiveCfg = Release|Any CPU
		{CBA3BB72-C42A-4667-AD65-49043B987F73}.AppStore|x64.Build.0 = Release|Any CPU
		{CBA3BB72-C42A-4667-AD65-49043B987F73}.AppStore|x64.Deploy.0 = Release|Any CPU
		{CBA3BB72-C42A-4667-AD65-49043B987F73}.AppStore|x86.ActiveCfg = Release|Any CPU
		{CBA3BB72-C42A-4667-AD65-49043B987F73}.AppStore|x86.Build.0 = Release|Any CPU
		{CBA3BB72-C42A-4667-AD65-49043B987F73}.AppStore|x86.Deploy.0 = Release|Any CPU
		{CBA3BB72-C42A-4667-AD65-49043B987F73}.Debug|Any CPU.ActiveCfg = Debug|Any CPU
		{CBA3BB72-C42A-4667-AD65-49043B987F73}.Debug|Any CPU.Build.0 = Debug|Any CPU
		{CBA3BB72-C42A-4667-AD65-49043B987F73}.Debug|Any CPU.Deploy.0 = Debug|Any CPU
		{CBA3BB72-C42A-4667-AD65-49043B987F73}.Debug|ARM.ActiveCfg = Debug|Any CPU
		{CBA3BB72-C42A-4667-AD65-49043B987F73}.Debug|ARM.Build.0 = Debug|Any CPU
		{CBA3BB72-C42A-4667-AD65-49043B987F73}.Debug|ARM.Deploy.0 = Debug|Any CPU
		{CBA3BB72-C42A-4667-AD65-49043B987F73}.Debug|iPhone.ActiveCfg = Debug|Any CPU
		{CBA3BB72-C42A-4667-AD65-49043B987F73}.Debug|iPhone.Build.0 = Debug|Any CPU
		{CBA3BB72-C42A-4667-AD65-49043B987F73}.Debug|iPhone.Deploy.0 = Debug|Any CPU
		{CBA3BB72-C42A-4667-AD65-49043B987F73}.Debug|iPhoneSimulator.ActiveCfg = Debug|Any CPU
		{CBA3BB72-C42A-4667-AD65-49043B987F73}.Debug|iPhoneSimulator.Build.0 = Debug|Any CPU
		{CBA3BB72-C42A-4667-AD65-49043B987F73}.Debug|iPhoneSimulator.Deploy.0 = Debug|Any CPU
		{CBA3BB72-C42A-4667-AD65-49043B987F73}.Debug|x64.ActiveCfg = Debug|Any CPU
		{CBA3BB72-C42A-4667-AD65-49043B987F73}.Debug|x64.Build.0 = Debug|Any CPU
		{CBA3BB72-C42A-4667-AD65-49043B987F73}.Debug|x64.Deploy.0 = Debug|Any CPU
		{CBA3BB72-C42A-4667-AD65-49043B987F73}.Debug|x86.ActiveCfg = Debug|Any CPU
		{CBA3BB72-C42A-4667-AD65-49043B987F73}.Debug|x86.Build.0 = Debug|Any CPU
		{CBA3BB72-C42A-4667-AD65-49043B987F73}.Debug|x86.Deploy.0 = Debug|Any CPU
		{CBA3BB72-C42A-4667-AD65-49043B987F73}.Release|Any CPU.ActiveCfg = Release|Any CPU
		{CBA3BB72-C42A-4667-AD65-49043B987F73}.Release|Any CPU.Build.0 = Release|Any CPU
		{CBA3BB72-C42A-4667-AD65-49043B987F73}.Release|Any CPU.Deploy.0 = Release|Any CPU
		{CBA3BB72-C42A-4667-AD65-49043B987F73}.Release|ARM.ActiveCfg = Release|Any CPU
		{CBA3BB72-C42A-4667-AD65-49043B987F73}.Release|ARM.Build.0 = Release|Any CPU
		{CBA3BB72-C42A-4667-AD65-49043B987F73}.Release|ARM.Deploy.0 = Release|Any CPU
		{CBA3BB72-C42A-4667-AD65-49043B987F73}.Release|iPhone.ActiveCfg = Release|Any CPU
		{CBA3BB72-C42A-4667-AD65-49043B987F73}.Release|iPhone.Build.0 = Release|Any CPU
		{CBA3BB72-C42A-4667-AD65-49043B987F73}.Release|iPhone.Deploy.0 = Release|Any CPU
		{CBA3BB72-C42A-4667-AD65-49043B987F73}.Release|iPhoneSimulator.ActiveCfg = Release|Any CPU
		{CBA3BB72-C42A-4667-AD65-49043B987F73}.Release|iPhoneSimulator.Build.0 = Release|Any CPU
		{CBA3BB72-C42A-4667-AD65-49043B987F73}.Release|iPhoneSimulator.Deploy.0 = Release|Any CPU
		{CBA3BB72-C42A-4667-AD65-49043B987F73}.Release|x64.ActiveCfg = Release|Any CPU
		{CBA3BB72-C42A-4667-AD65-49043B987F73}.Release|x64.Build.0 = Release|Any CPU
		{CBA3BB72-C42A-4667-AD65-49043B987F73}.Release|x64.Deploy.0 = Release|Any CPU
		{CBA3BB72-C42A-4667-AD65-49043B987F73}.Release|x86.ActiveCfg = Release|Any CPU
		{CBA3BB72-C42A-4667-AD65-49043B987F73}.Release|x86.Build.0 = Release|Any CPU
		{CBA3BB72-C42A-4667-AD65-49043B987F73}.Release|x86.Deploy.0 = Release|Any CPU
		{5AE02AA9-4BD3-4845-87E6-E93A28D8690C}.Ad-Hoc|Any CPU.ActiveCfg = Ad-Hoc|iPhone
		{5AE02AA9-4BD3-4845-87E6-E93A28D8690C}.Ad-Hoc|Any CPU.Build.0 = Ad-Hoc|iPhone
		{5AE02AA9-4BD3-4845-87E6-E93A28D8690C}.Ad-Hoc|Any CPU.Deploy.0 = Ad-Hoc|iPhone
		{5AE02AA9-4BD3-4845-87E6-E93A28D8690C}.Ad-Hoc|ARM.ActiveCfg = Ad-Hoc|iPhone
		{5AE02AA9-4BD3-4845-87E6-E93A28D8690C}.Ad-Hoc|ARM.Build.0 = Ad-Hoc|iPhone
		{5AE02AA9-4BD3-4845-87E6-E93A28D8690C}.Ad-Hoc|ARM.Deploy.0 = Ad-Hoc|iPhone
		{5AE02AA9-4BD3-4845-87E6-E93A28D8690C}.Ad-Hoc|iPhone.ActiveCfg = Ad-Hoc|iPhone
		{5AE02AA9-4BD3-4845-87E6-E93A28D8690C}.Ad-Hoc|iPhone.Build.0 = Ad-Hoc|iPhone
		{5AE02AA9-4BD3-4845-87E6-E93A28D8690C}.Ad-Hoc|iPhone.Deploy.0 = Ad-Hoc|iPhone
		{5AE02AA9-4BD3-4845-87E6-E93A28D8690C}.Ad-Hoc|iPhoneSimulator.ActiveCfg = Ad-Hoc|iPhoneSimulator
		{5AE02AA9-4BD3-4845-87E6-E93A28D8690C}.Ad-Hoc|iPhoneSimulator.Build.0 = Ad-Hoc|iPhoneSimulator
		{5AE02AA9-4BD3-4845-87E6-E93A28D8690C}.Ad-Hoc|iPhoneSimulator.Deploy.0 = Ad-Hoc|iPhoneSimulator
		{5AE02AA9-4BD3-4845-87E6-E93A28D8690C}.Ad-Hoc|x64.ActiveCfg = Ad-Hoc|iPhone
		{5AE02AA9-4BD3-4845-87E6-E93A28D8690C}.Ad-Hoc|x64.Build.0 = Ad-Hoc|iPhone
		{5AE02AA9-4BD3-4845-87E6-E93A28D8690C}.Ad-Hoc|x64.Deploy.0 = Ad-Hoc|iPhone
		{5AE02AA9-4BD3-4845-87E6-E93A28D8690C}.Ad-Hoc|x86.ActiveCfg = Ad-Hoc|iPhone
		{5AE02AA9-4BD3-4845-87E6-E93A28D8690C}.Ad-Hoc|x86.Build.0 = Ad-Hoc|iPhone
		{5AE02AA9-4BD3-4845-87E6-E93A28D8690C}.Ad-Hoc|x86.Deploy.0 = Ad-Hoc|iPhone
		{5AE02AA9-4BD3-4845-87E6-E93A28D8690C}.AppStore|Any CPU.ActiveCfg = AppStore|iPhone
		{5AE02AA9-4BD3-4845-87E6-E93A28D8690C}.AppStore|Any CPU.Build.0 = AppStore|iPhone
		{5AE02AA9-4BD3-4845-87E6-E93A28D8690C}.AppStore|Any CPU.Deploy.0 = AppStore|iPhone
		{5AE02AA9-4BD3-4845-87E6-E93A28D8690C}.AppStore|ARM.ActiveCfg = AppStore|iPhone
		{5AE02AA9-4BD3-4845-87E6-E93A28D8690C}.AppStore|ARM.Build.0 = AppStore|iPhone
		{5AE02AA9-4BD3-4845-87E6-E93A28D8690C}.AppStore|ARM.Deploy.0 = AppStore|iPhone
		{5AE02AA9-4BD3-4845-87E6-E93A28D8690C}.AppStore|iPhone.ActiveCfg = AppStore|iPhone
		{5AE02AA9-4BD3-4845-87E6-E93A28D8690C}.AppStore|iPhone.Build.0 = AppStore|iPhone
		{5AE02AA9-4BD3-4845-87E6-E93A28D8690C}.AppStore|iPhone.Deploy.0 = AppStore|iPhone
		{5AE02AA9-4BD3-4845-87E6-E93A28D8690C}.AppStore|iPhoneSimulator.ActiveCfg = AppStore|iPhoneSimulator
		{5AE02AA9-4BD3-4845-87E6-E93A28D8690C}.AppStore|iPhoneSimulator.Build.0 = AppStore|iPhoneSimulator
		{5AE02AA9-4BD3-4845-87E6-E93A28D8690C}.AppStore|iPhoneSimulator.Deploy.0 = AppStore|iPhoneSimulator
		{5AE02AA9-4BD3-4845-87E6-E93A28D8690C}.AppStore|x64.ActiveCfg = AppStore|iPhone
		{5AE02AA9-4BD3-4845-87E6-E93A28D8690C}.AppStore|x64.Build.0 = AppStore|iPhone
		{5AE02AA9-4BD3-4845-87E6-E93A28D8690C}.AppStore|x64.Deploy.0 = AppStore|iPhone
		{5AE02AA9-4BD3-4845-87E6-E93A28D8690C}.AppStore|x86.ActiveCfg = AppStore|iPhone
		{5AE02AA9-4BD3-4845-87E6-E93A28D8690C}.AppStore|x86.Build.0 = AppStore|iPhone
		{5AE02AA9-4BD3-4845-87E6-E93A28D8690C}.AppStore|x86.Deploy.0 = AppStore|iPhone
		{5AE02AA9-4BD3-4845-87E6-E93A28D8690C}.Debug|Any CPU.ActiveCfg = Debug|iPhoneSimulator
		{5AE02AA9-4BD3-4845-87E6-E93A28D8690C}.Debug|Any CPU.Build.0 = Debug|iPhoneSimulator
		{5AE02AA9-4BD3-4845-87E6-E93A28D8690C}.Debug|Any CPU.Deploy.0 = Debug|iPhoneSimulator
		{5AE02AA9-4BD3-4845-87E6-E93A28D8690C}.Debug|ARM.ActiveCfg = Debug|iPhone
		{5AE02AA9-4BD3-4845-87E6-E93A28D8690C}.Debug|ARM.Build.0 = Debug|iPhone
		{5AE02AA9-4BD3-4845-87E6-E93A28D8690C}.Debug|ARM.Deploy.0 = Debug|iPhone
		{5AE02AA9-4BD3-4845-87E6-E93A28D8690C}.Debug|iPhone.ActiveCfg = Debug|iPhone
		{5AE02AA9-4BD3-4845-87E6-E93A28D8690C}.Debug|iPhone.Build.0 = Debug|iPhone
		{5AE02AA9-4BD3-4845-87E6-E93A28D8690C}.Debug|iPhone.Deploy.0 = Debug|iPhone
		{5AE02AA9-4BD3-4845-87E6-E93A28D8690C}.Debug|iPhoneSimulator.ActiveCfg = Debug|iPhoneSimulator
		{5AE02AA9-4BD3-4845-87E6-E93A28D8690C}.Debug|iPhoneSimulator.Build.0 = Debug|iPhoneSimulator
		{5AE02AA9-4BD3-4845-87E6-E93A28D8690C}.Debug|iPhoneSimulator.Deploy.0 = Debug|iPhoneSimulator
		{5AE02AA9-4BD3-4845-87E6-E93A28D8690C}.Debug|x64.ActiveCfg = Debug|iPhone
		{5AE02AA9-4BD3-4845-87E6-E93A28D8690C}.Debug|x64.Build.0 = Debug|iPhone
		{5AE02AA9-4BD3-4845-87E6-E93A28D8690C}.Debug|x64.Deploy.0 = Debug|iPhone
		{5AE02AA9-4BD3-4845-87E6-E93A28D8690C}.Debug|x86.ActiveCfg = Debug|iPhone
		{5AE02AA9-4BD3-4845-87E6-E93A28D8690C}.Debug|x86.Build.0 = Debug|iPhone
		{5AE02AA9-4BD3-4845-87E6-E93A28D8690C}.Debug|x86.Deploy.0 = Debug|iPhone
		{5AE02AA9-4BD3-4845-87E6-E93A28D8690C}.Release|Any CPU.ActiveCfg = Release|iPhone
		{5AE02AA9-4BD3-4845-87E6-E93A28D8690C}.Release|Any CPU.Build.0 = Release|iPhone
		{5AE02AA9-4BD3-4845-87E6-E93A28D8690C}.Release|Any CPU.Deploy.0 = Release|iPhone
		{5AE02AA9-4BD3-4845-87E6-E93A28D8690C}.Release|ARM.ActiveCfg = Release|iPhone
		{5AE02AA9-4BD3-4845-87E6-E93A28D8690C}.Release|ARM.Build.0 = Release|iPhone
		{5AE02AA9-4BD3-4845-87E6-E93A28D8690C}.Release|ARM.Deploy.0 = Release|iPhone
		{5AE02AA9-4BD3-4845-87E6-E93A28D8690C}.Release|iPhone.ActiveCfg = Release|iPhone
		{5AE02AA9-4BD3-4845-87E6-E93A28D8690C}.Release|iPhone.Build.0 = Release|iPhone
		{5AE02AA9-4BD3-4845-87E6-E93A28D8690C}.Release|iPhone.Deploy.0 = Release|iPhone
		{5AE02AA9-4BD3-4845-87E6-E93A28D8690C}.Release|iPhoneSimulator.ActiveCfg = Release|iPhoneSimulator
		{5AE02AA9-4BD3-4845-87E6-E93A28D8690C}.Release|iPhoneSimulator.Build.0 = Release|iPhoneSimulator
		{5AE02AA9-4BD3-4845-87E6-E93A28D8690C}.Release|iPhoneSimulator.Deploy.0 = Release|iPhoneSimulator
		{5AE02AA9-4BD3-4845-87E6-E93A28D8690C}.Release|x64.ActiveCfg = Release|iPhone
		{5AE02AA9-4BD3-4845-87E6-E93A28D8690C}.Release|x64.Build.0 = Release|iPhone
		{5AE02AA9-4BD3-4845-87E6-E93A28D8690C}.Release|x64.Deploy.0 = Release|iPhone
		{5AE02AA9-4BD3-4845-87E6-E93A28D8690C}.Release|x86.ActiveCfg = Release|iPhone
		{5AE02AA9-4BD3-4845-87E6-E93A28D8690C}.Release|x86.Build.0 = Release|iPhone
		{5AE02AA9-4BD3-4845-87E6-E93A28D8690C}.Release|x86.Deploy.0 = Release|iPhone
		{E4D55827-7F92-40AF-B8A6-AC2DBBD50AFE}.Ad-Hoc|Any CPU.ActiveCfg = Release|x86
		{E4D55827-7F92-40AF-B8A6-AC2DBBD50AFE}.Ad-Hoc|Any CPU.Build.0 = Release|x86
		{E4D55827-7F92-40AF-B8A6-AC2DBBD50AFE}.Ad-Hoc|Any CPU.Deploy.0 = Release|x86
		{E4D55827-7F92-40AF-B8A6-AC2DBBD50AFE}.Ad-Hoc|ARM.ActiveCfg = Release|ARM
		{E4D55827-7F92-40AF-B8A6-AC2DBBD50AFE}.Ad-Hoc|ARM.Build.0 = Release|ARM
		{E4D55827-7F92-40AF-B8A6-AC2DBBD50AFE}.Ad-Hoc|ARM.Deploy.0 = Release|ARM
		{E4D55827-7F92-40AF-B8A6-AC2DBBD50AFE}.Ad-Hoc|iPhone.ActiveCfg = Release|x86
		{E4D55827-7F92-40AF-B8A6-AC2DBBD50AFE}.Ad-Hoc|iPhone.Build.0 = Release|x86
		{E4D55827-7F92-40AF-B8A6-AC2DBBD50AFE}.Ad-Hoc|iPhone.Deploy.0 = Release|x86
		{E4D55827-7F92-40AF-B8A6-AC2DBBD50AFE}.Ad-Hoc|iPhoneSimulator.ActiveCfg = Release|x86
		{E4D55827-7F92-40AF-B8A6-AC2DBBD50AFE}.Ad-Hoc|iPhoneSimulator.Build.0 = Release|x86
		{E4D55827-7F92-40AF-B8A6-AC2DBBD50AFE}.Ad-Hoc|iPhoneSimulator.Deploy.0 = Release|x86
		{E4D55827-7F92-40AF-B8A6-AC2DBBD50AFE}.Ad-Hoc|x64.ActiveCfg = Release|x64
		{E4D55827-7F92-40AF-B8A6-AC2DBBD50AFE}.Ad-Hoc|x64.Build.0 = Release|x64
		{E4D55827-7F92-40AF-B8A6-AC2DBBD50AFE}.Ad-Hoc|x64.Deploy.0 = Release|x64
		{E4D55827-7F92-40AF-B8A6-AC2DBBD50AFE}.Ad-Hoc|x86.ActiveCfg = Release|x86
		{E4D55827-7F92-40AF-B8A6-AC2DBBD50AFE}.Ad-Hoc|x86.Build.0 = Release|x86
		{E4D55827-7F92-40AF-B8A6-AC2DBBD50AFE}.Ad-Hoc|x86.Deploy.0 = Release|x86
		{E4D55827-7F92-40AF-B8A6-AC2DBBD50AFE}.AppStore|Any CPU.ActiveCfg = Release|x86
		{E4D55827-7F92-40AF-B8A6-AC2DBBD50AFE}.AppStore|Any CPU.Build.0 = Release|x86
		{E4D55827-7F92-40AF-B8A6-AC2DBBD50AFE}.AppStore|Any CPU.Deploy.0 = Release|x86
		{E4D55827-7F92-40AF-B8A6-AC2DBBD50AFE}.AppStore|ARM.ActiveCfg = Release|ARM
		{E4D55827-7F92-40AF-B8A6-AC2DBBD50AFE}.AppStore|ARM.Build.0 = Release|ARM
		{E4D55827-7F92-40AF-B8A6-AC2DBBD50AFE}.AppStore|ARM.Deploy.0 = Release|ARM
		{E4D55827-7F92-40AF-B8A6-AC2DBBD50AFE}.AppStore|iPhone.ActiveCfg = Release|x86
		{E4D55827-7F92-40AF-B8A6-AC2DBBD50AFE}.AppStore|iPhone.Build.0 = Release|x86
		{E4D55827-7F92-40AF-B8A6-AC2DBBD50AFE}.AppStore|iPhone.Deploy.0 = Release|x86
		{E4D55827-7F92-40AF-B8A6-AC2DBBD50AFE}.AppStore|iPhoneSimulator.ActiveCfg = Release|x86
		{E4D55827-7F92-40AF-B8A6-AC2DBBD50AFE}.AppStore|iPhoneSimulator.Build.0 = Release|x86
		{E4D55827-7F92-40AF-B8A6-AC2DBBD50AFE}.AppStore|iPhoneSimulator.Deploy.0 = Release|x86
		{E4D55827-7F92-40AF-B8A6-AC2DBBD50AFE}.AppStore|x64.ActiveCfg = Release|x64
		{E4D55827-7F92-40AF-B8A6-AC2DBBD50AFE}.AppStore|x64.Build.0 = Release|x64
		{E4D55827-7F92-40AF-B8A6-AC2DBBD50AFE}.AppStore|x64.Deploy.0 = Release|x64
		{E4D55827-7F92-40AF-B8A6-AC2DBBD50AFE}.AppStore|x86.ActiveCfg = Release|x86
		{E4D55827-7F92-40AF-B8A6-AC2DBBD50AFE}.AppStore|x86.Build.0 = Release|x86
		{E4D55827-7F92-40AF-B8A6-AC2DBBD50AFE}.AppStore|x86.Deploy.0 = Release|x86
		{E4D55827-7F92-40AF-B8A6-AC2DBBD50AFE}.Debug|Any CPU.ActiveCfg = Debug|x86
		{E4D55827-7F92-40AF-B8A6-AC2DBBD50AFE}.Debug|Any CPU.Build.0 = Debug|x86
		{E4D55827-7F92-40AF-B8A6-AC2DBBD50AFE}.Debug|Any CPU.Deploy.0 = Debug|x86
		{E4D55827-7F92-40AF-B8A6-AC2DBBD50AFE}.Debug|ARM.ActiveCfg = Debug|ARM
		{E4D55827-7F92-40AF-B8A6-AC2DBBD50AFE}.Debug|ARM.Build.0 = Debug|ARM
		{E4D55827-7F92-40AF-B8A6-AC2DBBD50AFE}.Debug|ARM.Deploy.0 = Debug|ARM
		{E4D55827-7F92-40AF-B8A6-AC2DBBD50AFE}.Debug|iPhone.ActiveCfg = Debug|x86
		{E4D55827-7F92-40AF-B8A6-AC2DBBD50AFE}.Debug|iPhone.Build.0 = Debug|x86
		{E4D55827-7F92-40AF-B8A6-AC2DBBD50AFE}.Debug|iPhone.Deploy.0 = Debug|x86
		{E4D55827-7F92-40AF-B8A6-AC2DBBD50AFE}.Debug|iPhoneSimulator.ActiveCfg = Debug|x86
		{E4D55827-7F92-40AF-B8A6-AC2DBBD50AFE}.Debug|iPhoneSimulator.Build.0 = Debug|x86
		{E4D55827-7F92-40AF-B8A6-AC2DBBD50AFE}.Debug|iPhoneSimulator.Deploy.0 = Debug|x86
		{E4D55827-7F92-40AF-B8A6-AC2DBBD50AFE}.Debug|x64.ActiveCfg = Debug|x64
		{E4D55827-7F92-40AF-B8A6-AC2DBBD50AFE}.Debug|x64.Build.0 = Debug|x64
		{E4D55827-7F92-40AF-B8A6-AC2DBBD50AFE}.Debug|x64.Deploy.0 = Debug|x64
		{E4D55827-7F92-40AF-B8A6-AC2DBBD50AFE}.Debug|x86.ActiveCfg = Debug|x86
		{E4D55827-7F92-40AF-B8A6-AC2DBBD50AFE}.Debug|x86.Build.0 = Debug|x86
		{E4D55827-7F92-40AF-B8A6-AC2DBBD50AFE}.Debug|x86.Deploy.0 = Debug|x86
		{E4D55827-7F92-40AF-B8A6-AC2DBBD50AFE}.Release|Any CPU.ActiveCfg = Release|x86
		{E4D55827-7F92-40AF-B8A6-AC2DBBD50AFE}.Release|Any CPU.Build.0 = Release|x86
		{E4D55827-7F92-40AF-B8A6-AC2DBBD50AFE}.Release|Any CPU.Deploy.0 = Release|x86
		{E4D55827-7F92-40AF-B8A6-AC2DBBD50AFE}.Release|ARM.ActiveCfg = Release|ARM
		{E4D55827-7F92-40AF-B8A6-AC2DBBD50AFE}.Release|ARM.Build.0 = Release|ARM
		{E4D55827-7F92-40AF-B8A6-AC2DBBD50AFE}.Release|ARM.Deploy.0 = Release|ARM
		{E4D55827-7F92-40AF-B8A6-AC2DBBD50AFE}.Release|iPhone.ActiveCfg = Release|x86
		{E4D55827-7F92-40AF-B8A6-AC2DBBD50AFE}.Release|iPhone.Build.0 = Release|x86
		{E4D55827-7F92-40AF-B8A6-AC2DBBD50AFE}.Release|iPhone.Deploy.0 = Release|x86
		{E4D55827-7F92-40AF-B8A6-AC2DBBD50AFE}.Release|iPhoneSimulator.ActiveCfg = Release|x86
		{E4D55827-7F92-40AF-B8A6-AC2DBBD50AFE}.Release|iPhoneSimulator.Build.0 = Release|x86
		{E4D55827-7F92-40AF-B8A6-AC2DBBD50AFE}.Release|iPhoneSimulator.Deploy.0 = Release|x86
		{E4D55827-7F92-40AF-B8A6-AC2DBBD50AFE}.Release|x64.ActiveCfg = Release|x64
		{E4D55827-7F92-40AF-B8A6-AC2DBBD50AFE}.Release|x64.Build.0 = Release|x64
		{E4D55827-7F92-40AF-B8A6-AC2DBBD50AFE}.Release|x64.Deploy.0 = Release|x64
		{E4D55827-7F92-40AF-B8A6-AC2DBBD50AFE}.Release|x86.ActiveCfg = Release|x86
		{E4D55827-7F92-40AF-B8A6-AC2DBBD50AFE}.Release|x86.Build.0 = Release|x86
		{E4D55827-7F92-40AF-B8A6-AC2DBBD50AFE}.Release|x86.Deploy.0 = Release|x86
		{4FA9F549-24B3-4113-93BC-BDA7BE8B0AF9}.Ad-Hoc|Any CPU.ActiveCfg = Debug|Any CPU
		{4FA9F549-24B3-4113-93BC-BDA7BE8B0AF9}.Ad-Hoc|Any CPU.Build.0 = Debug|Any CPU
		{4FA9F549-24B3-4113-93BC-BDA7BE8B0AF9}.Ad-Hoc|Any CPU.Deploy.0 = Debug|Any CPU
		{4FA9F549-24B3-4113-93BC-BDA7BE8B0AF9}.Ad-Hoc|ARM.ActiveCfg = Debug|Any CPU
		{4FA9F549-24B3-4113-93BC-BDA7BE8B0AF9}.Ad-Hoc|ARM.Build.0 = Debug|Any CPU
		{4FA9F549-24B3-4113-93BC-BDA7BE8B0AF9}.Ad-Hoc|ARM.Deploy.0 = Debug|Any CPU
		{4FA9F549-24B3-4113-93BC-BDA7BE8B0AF9}.Ad-Hoc|iPhone.ActiveCfg = Debug|Any CPU
		{4FA9F549-24B3-4113-93BC-BDA7BE8B0AF9}.Ad-Hoc|iPhone.Build.0 = Debug|Any CPU
		{4FA9F549-24B3-4113-93BC-BDA7BE8B0AF9}.Ad-Hoc|iPhone.Deploy.0 = Debug|Any CPU
		{4FA9F549-24B3-4113-93BC-BDA7BE8B0AF9}.Ad-Hoc|iPhoneSimulator.ActiveCfg = Debug|Any CPU
		{4FA9F549-24B3-4113-93BC-BDA7BE8B0AF9}.Ad-Hoc|iPhoneSimulator.Build.0 = Debug|Any CPU
		{4FA9F549-24B3-4113-93BC-BDA7BE8B0AF9}.Ad-Hoc|iPhoneSimulator.Deploy.0 = Debug|Any CPU
		{4FA9F549-24B3-4113-93BC-BDA7BE8B0AF9}.Ad-Hoc|x64.ActiveCfg = Debug|Any CPU
		{4FA9F549-24B3-4113-93BC-BDA7BE8B0AF9}.Ad-Hoc|x64.Build.0 = Debug|Any CPU
		{4FA9F549-24B3-4113-93BC-BDA7BE8B0AF9}.Ad-Hoc|x64.Deploy.0 = Debug|Any CPU
		{4FA9F549-24B3-4113-93BC-BDA7BE8B0AF9}.Ad-Hoc|x86.ActiveCfg = Debug|Any CPU
		{4FA9F549-24B3-4113-93BC-BDA7BE8B0AF9}.Ad-Hoc|x86.Build.0 = Debug|Any CPU
		{4FA9F549-24B3-4113-93BC-BDA7BE8B0AF9}.Ad-Hoc|x86.Deploy.0 = Debug|Any CPU
		{4FA9F549-24B3-4113-93BC-BDA7BE8B0AF9}.AppStore|Any CPU.ActiveCfg = Debug|Any CPU
		{4FA9F549-24B3-4113-93BC-BDA7BE8B0AF9}.AppStore|Any CPU.Build.0 = Debug|Any CPU
		{4FA9F549-24B3-4113-93BC-BDA7BE8B0AF9}.AppStore|Any CPU.Deploy.0 = Debug|Any CPU
		{4FA9F549-24B3-4113-93BC-BDA7BE8B0AF9}.AppStore|ARM.ActiveCfg = Debug|Any CPU
		{4FA9F549-24B3-4113-93BC-BDA7BE8B0AF9}.AppStore|ARM.Build.0 = Debug|Any CPU
		{4FA9F549-24B3-4113-93BC-BDA7BE8B0AF9}.AppStore|ARM.Deploy.0 = Debug|Any CPU
		{4FA9F549-24B3-4113-93BC-BDA7BE8B0AF9}.AppStore|iPhone.ActiveCfg = Debug|Any CPU
		{4FA9F549-24B3-4113-93BC-BDA7BE8B0AF9}.AppStore|iPhone.Build.0 = Debug|Any CPU
		{4FA9F549-24B3-4113-93BC-BDA7BE8B0AF9}.AppStore|iPhone.Deploy.0 = Debug|Any CPU
		{4FA9F549-24B3-4113-93BC-BDA7BE8B0AF9}.AppStore|iPhoneSimulator.ActiveCfg = Debug|Any CPU
		{4FA9F549-24B3-4113-93BC-BDA7BE8B0AF9}.AppStore|iPhoneSimulator.Build.0 = Debug|Any CPU
		{4FA9F549-24B3-4113-93BC-BDA7BE8B0AF9}.AppStore|iPhoneSimulator.Deploy.0 = Debug|Any CPU
		{4FA9F549-24B3-4113-93BC-BDA7BE8B0AF9}.AppStore|x64.ActiveCfg = Debug|Any CPU
		{4FA9F549-24B3-4113-93BC-BDA7BE8B0AF9}.AppStore|x64.Build.0 = Debug|Any CPU
		{4FA9F549-24B3-4113-93BC-BDA7BE8B0AF9}.AppStore|x64.Deploy.0 = Debug|Any CPU
		{4FA9F549-24B3-4113-93BC-BDA7BE8B0AF9}.AppStore|x86.ActiveCfg = Debug|Any CPU
		{4FA9F549-24B3-4113-93BC-BDA7BE8B0AF9}.AppStore|x86.Build.0 = Debug|Any CPU
		{4FA9F549-24B3-4113-93BC-BDA7BE8B0AF9}.AppStore|x86.Deploy.0 = Debug|Any CPU
		{4FA9F549-24B3-4113-93BC-BDA7BE8B0AF9}.Debug|Any CPU.ActiveCfg = Debug|Any CPU
		{4FA9F549-24B3-4113-93BC-BDA7BE8B0AF9}.Debug|Any CPU.Build.0 = Debug|Any CPU
		{4FA9F549-24B3-4113-93BC-BDA7BE8B0AF9}.Debug|Any CPU.Deploy.0 = Debug|Any CPU
		{4FA9F549-24B3-4113-93BC-BDA7BE8B0AF9}.Debug|ARM.ActiveCfg = Debug|Any CPU
		{4FA9F549-24B3-4113-93BC-BDA7BE8B0AF9}.Debug|ARM.Build.0 = Debug|Any CPU
		{4FA9F549-24B3-4113-93BC-BDA7BE8B0AF9}.Debug|ARM.Deploy.0 = Debug|Any CPU
		{4FA9F549-24B3-4113-93BC-BDA7BE8B0AF9}.Debug|iPhone.ActiveCfg = Debug|Any CPU
		{4FA9F549-24B3-4113-93BC-BDA7BE8B0AF9}.Debug|iPhone.Build.0 = Debug|Any CPU
		{4FA9F549-24B3-4113-93BC-BDA7BE8B0AF9}.Debug|iPhone.Deploy.0 = Debug|Any CPU
		{4FA9F549-24B3-4113-93BC-BDA7BE8B0AF9}.Debug|iPhoneSimulator.ActiveCfg = Debug|Any CPU
		{4FA9F549-24B3-4113-93BC-BDA7BE8B0AF9}.Debug|iPhoneSimulator.Build.0 = Debug|Any CPU
		{4FA9F549-24B3-4113-93BC-BDA7BE8B0AF9}.Debug|iPhoneSimulator.Deploy.0 = Debug|Any CPU
		{4FA9F549-24B3-4113-93BC-BDA7BE8B0AF9}.Debug|x64.ActiveCfg = Debug|Any CPU
		{4FA9F549-24B3-4113-93BC-BDA7BE8B0AF9}.Debug|x64.Build.0 = Debug|Any CPU
		{4FA9F549-24B3-4113-93BC-BDA7BE8B0AF9}.Debug|x64.Deploy.0 = Debug|Any CPU
		{4FA9F549-24B3-4113-93BC-BDA7BE8B0AF9}.Debug|x86.ActiveCfg = Debug|Any CPU
		{4FA9F549-24B3-4113-93BC-BDA7BE8B0AF9}.Debug|x86.Build.0 = Debug|Any CPU
		{4FA9F549-24B3-4113-93BC-BDA7BE8B0AF9}.Debug|x86.Deploy.0 = Debug|Any CPU
		{4FA9F549-24B3-4113-93BC-BDA7BE8B0AF9}.Release|Any CPU.ActiveCfg = Release|Any CPU
		{4FA9F549-24B3-4113-93BC-BDA7BE8B0AF9}.Release|Any CPU.Build.0 = Release|Any CPU
		{4FA9F549-24B3-4113-93BC-BDA7BE8B0AF9}.Release|Any CPU.Deploy.0 = Release|Any CPU
		{4FA9F549-24B3-4113-93BC-BDA7BE8B0AF9}.Release|ARM.ActiveCfg = Release|Any CPU
		{4FA9F549-24B3-4113-93BC-BDA7BE8B0AF9}.Release|ARM.Build.0 = Release|Any CPU
		{4FA9F549-24B3-4113-93BC-BDA7BE8B0AF9}.Release|ARM.Deploy.0 = Release|Any CPU
		{4FA9F549-24B3-4113-93BC-BDA7BE8B0AF9}.Release|iPhone.ActiveCfg = Release|Any CPU
		{4FA9F549-24B3-4113-93BC-BDA7BE8B0AF9}.Release|iPhone.Build.0 = Release|Any CPU
		{4FA9F549-24B3-4113-93BC-BDA7BE8B0AF9}.Release|iPhone.Deploy.0 = Release|Any CPU
		{4FA9F549-24B3-4113-93BC-BDA7BE8B0AF9}.Release|iPhoneSimulator.ActiveCfg = Release|Any CPU
		{4FA9F549-24B3-4113-93BC-BDA7BE8B0AF9}.Release|iPhoneSimulator.Build.0 = Release|Any CPU
		{4FA9F549-24B3-4113-93BC-BDA7BE8B0AF9}.Release|iPhoneSimulator.Deploy.0 = Release|Any CPU
		{4FA9F549-24B3-4113-93BC-BDA7BE8B0AF9}.Release|x64.ActiveCfg = Release|Any CPU
		{4FA9F549-24B3-4113-93BC-BDA7BE8B0AF9}.Release|x64.Build.0 = Release|Any CPU
		{4FA9F549-24B3-4113-93BC-BDA7BE8B0AF9}.Release|x64.Deploy.0 = Release|Any CPU
		{4FA9F549-24B3-4113-93BC-BDA7BE8B0AF9}.Release|x86.ActiveCfg = Release|Any CPU
		{4FA9F549-24B3-4113-93BC-BDA7BE8B0AF9}.Release|x86.Build.0 = Release|Any CPU
		{4FA9F549-24B3-4113-93BC-BDA7BE8B0AF9}.Release|x86.Deploy.0 = Release|Any CPU
		{96E631A7-7883-4190-B4AB-E706123DE00E}.Ad-Hoc|Any CPU.ActiveCfg = Release|Any CPU
		{96E631A7-7883-4190-B4AB-E706123DE00E}.Ad-Hoc|Any CPU.Build.0 = Release|Any CPU
		{96E631A7-7883-4190-B4AB-E706123DE00E}.Ad-Hoc|ARM.ActiveCfg = Release|Any CPU
		{96E631A7-7883-4190-B4AB-E706123DE00E}.Ad-Hoc|ARM.Build.0 = Release|Any CPU
		{96E631A7-7883-4190-B4AB-E706123DE00E}.Ad-Hoc|iPhone.ActiveCfg = Release|Any CPU
		{96E631A7-7883-4190-B4AB-E706123DE00E}.Ad-Hoc|iPhone.Build.0 = Release|Any CPU
		{96E631A7-7883-4190-B4AB-E706123DE00E}.Ad-Hoc|iPhoneSimulator.ActiveCfg = Release|Any CPU
		{96E631A7-7883-4190-B4AB-E706123DE00E}.Ad-Hoc|iPhoneSimulator.Build.0 = Release|Any CPU
		{96E631A7-7883-4190-B4AB-E706123DE00E}.Ad-Hoc|x64.ActiveCfg = Release|Any CPU
		{96E631A7-7883-4190-B4AB-E706123DE00E}.Ad-Hoc|x64.Build.0 = Release|Any CPU
		{96E631A7-7883-4190-B4AB-E706123DE00E}.Ad-Hoc|x86.ActiveCfg = Release|Any CPU
		{96E631A7-7883-4190-B4AB-E706123DE00E}.Ad-Hoc|x86.Build.0 = Release|Any CPU
		{96E631A7-7883-4190-B4AB-E706123DE00E}.AppStore|Any CPU.ActiveCfg = Release|Any CPU
		{96E631A7-7883-4190-B4AB-E706123DE00E}.AppStore|Any CPU.Build.0 = Release|Any CPU
		{96E631A7-7883-4190-B4AB-E706123DE00E}.AppStore|ARM.ActiveCfg = Release|Any CPU
		{96E631A7-7883-4190-B4AB-E706123DE00E}.AppStore|ARM.Build.0 = Release|Any CPU
		{96E631A7-7883-4190-B4AB-E706123DE00E}.AppStore|iPhone.ActiveCfg = Release|Any CPU
		{96E631A7-7883-4190-B4AB-E706123DE00E}.AppStore|iPhone.Build.0 = Release|Any CPU
		{96E631A7-7883-4190-B4AB-E706123DE00E}.AppStore|iPhoneSimulator.ActiveCfg = Release|Any CPU
		{96E631A7-7883-4190-B4AB-E706123DE00E}.AppStore|iPhoneSimulator.Build.0 = Release|Any CPU
		{96E631A7-7883-4190-B4AB-E706123DE00E}.AppStore|x64.ActiveCfg = Release|Any CPU
		{96E631A7-7883-4190-B4AB-E706123DE00E}.AppStore|x64.Build.0 = Release|Any CPU
		{96E631A7-7883-4190-B4AB-E706123DE00E}.AppStore|x86.ActiveCfg = Release|Any CPU
		{96E631A7-7883-4190-B4AB-E706123DE00E}.AppStore|x86.Build.0 = Release|Any CPU
		{96E631A7-7883-4190-B4AB-E706123DE00E}.Debug|Any CPU.ActiveCfg = Debug|Any CPU
		{96E631A7-7883-4190-B4AB-E706123DE00E}.Debug|Any CPU.Build.0 = Debug|Any CPU
		{96E631A7-7883-4190-B4AB-E706123DE00E}.Debug|ARM.ActiveCfg = Debug|Any CPU
		{96E631A7-7883-4190-B4AB-E706123DE00E}.Debug|ARM.Build.0 = Debug|Any CPU
		{96E631A7-7883-4190-B4AB-E706123DE00E}.Debug|iPhone.ActiveCfg = Debug|Any CPU
		{96E631A7-7883-4190-B4AB-E706123DE00E}.Debug|iPhone.Build.0 = Debug|Any CPU
		{96E631A7-7883-4190-B4AB-E706123DE00E}.Debug|iPhoneSimulator.ActiveCfg = Debug|Any CPU
		{96E631A7-7883-4190-B4AB-E706123DE00E}.Debug|iPhoneSimulator.Build.0 = Debug|Any CPU
		{96E631A7-7883-4190-B4AB-E706123DE00E}.Debug|x64.ActiveCfg = Debug|Any CPU
		{96E631A7-7883-4190-B4AB-E706123DE00E}.Debug|x64.Build.0 = Debug|Any CPU
		{96E631A7-7883-4190-B4AB-E706123DE00E}.Debug|x86.ActiveCfg = Debug|Any CPU
		{96E631A7-7883-4190-B4AB-E706123DE00E}.Debug|x86.Build.0 = Debug|Any CPU
		{96E631A7-7883-4190-B4AB-E706123DE00E}.Release|Any CPU.ActiveCfg = Release|Any CPU
		{96E631A7-7883-4190-B4AB-E706123DE00E}.Release|Any CPU.Build.0 = Release|Any CPU
		{96E631A7-7883-4190-B4AB-E706123DE00E}.Release|ARM.ActiveCfg = Release|Any CPU
		{96E631A7-7883-4190-B4AB-E706123DE00E}.Release|ARM.Build.0 = Release|Any CPU
		{96E631A7-7883-4190-B4AB-E706123DE00E}.Release|iPhone.ActiveCfg = Release|Any CPU
		{96E631A7-7883-4190-B4AB-E706123DE00E}.Release|iPhone.Build.0 = Release|Any CPU
		{96E631A7-7883-4190-B4AB-E706123DE00E}.Release|iPhoneSimulator.ActiveCfg = Release|Any CPU
		{96E631A7-7883-4190-B4AB-E706123DE00E}.Release|iPhoneSimulator.Build.0 = Release|Any CPU
		{96E631A7-7883-4190-B4AB-E706123DE00E}.Release|x64.ActiveCfg = Release|Any CPU
		{96E631A7-7883-4190-B4AB-E706123DE00E}.Release|x64.Build.0 = Release|Any CPU
		{96E631A7-7883-4190-B4AB-E706123DE00E}.Release|x86.ActiveCfg = Release|Any CPU
		{96E631A7-7883-4190-B4AB-E706123DE00E}.Release|x86.Build.0 = Release|Any CPU
		{61DED37D-412E-4982-A16B-53F31E197127}.Ad-Hoc|Any CPU.ActiveCfg = Release|Any CPU
		{61DED37D-412E-4982-A16B-53F31E197127}.Ad-Hoc|Any CPU.Build.0 = Release|Any CPU
		{61DED37D-412E-4982-A16B-53F31E197127}.Ad-Hoc|ARM.ActiveCfg = Release|Any CPU
		{61DED37D-412E-4982-A16B-53F31E197127}.Ad-Hoc|ARM.Build.0 = Release|Any CPU
		{61DED37D-412E-4982-A16B-53F31E197127}.Ad-Hoc|iPhone.ActiveCfg = Release|Any CPU
		{61DED37D-412E-4982-A16B-53F31E197127}.Ad-Hoc|iPhone.Build.0 = Release|Any CPU
		{61DED37D-412E-4982-A16B-53F31E197127}.Ad-Hoc|iPhoneSimulator.ActiveCfg = Release|Any CPU
		{61DED37D-412E-4982-A16B-53F31E197127}.Ad-Hoc|iPhoneSimulator.Build.0 = Release|Any CPU
		{61DED37D-412E-4982-A16B-53F31E197127}.Ad-Hoc|x64.ActiveCfg = Release|Any CPU
		{61DED37D-412E-4982-A16B-53F31E197127}.Ad-Hoc|x64.Build.0 = Release|Any CPU
		{61DED37D-412E-4982-A16B-53F31E197127}.Ad-Hoc|x86.ActiveCfg = Release|Any CPU
		{61DED37D-412E-4982-A16B-53F31E197127}.Ad-Hoc|x86.Build.0 = Release|Any CPU
		{61DED37D-412E-4982-A16B-53F31E197127}.AppStore|Any CPU.ActiveCfg = Release|Any CPU
		{61DED37D-412E-4982-A16B-53F31E197127}.AppStore|Any CPU.Build.0 = Release|Any CPU
		{61DED37D-412E-4982-A16B-53F31E197127}.AppStore|ARM.ActiveCfg = Release|Any CPU
		{61DED37D-412E-4982-A16B-53F31E197127}.AppStore|ARM.Build.0 = Release|Any CPU
		{61DED37D-412E-4982-A16B-53F31E197127}.AppStore|iPhone.ActiveCfg = Release|Any CPU
		{61DED37D-412E-4982-A16B-53F31E197127}.AppStore|iPhone.Build.0 = Release|Any CPU
		{61DED37D-412E-4982-A16B-53F31E197127}.AppStore|iPhoneSimulator.ActiveCfg = Release|Any CPU
		{61DED37D-412E-4982-A16B-53F31E197127}.AppStore|iPhoneSimulator.Build.0 = Release|Any CPU
		{61DED37D-412E-4982-A16B-53F31E197127}.AppStore|x64.ActiveCfg = Release|Any CPU
		{61DED37D-412E-4982-A16B-53F31E197127}.AppStore|x64.Build.0 = Release|Any CPU
		{61DED37D-412E-4982-A16B-53F31E197127}.AppStore|x86.ActiveCfg = Release|Any CPU
		{61DED37D-412E-4982-A16B-53F31E197127}.AppStore|x86.Build.0 = Release|Any CPU
		{61DED37D-412E-4982-A16B-53F31E197127}.Debug|Any CPU.ActiveCfg = Debug|Any CPU
		{61DED37D-412E-4982-A16B-53F31E197127}.Debug|Any CPU.Build.0 = Debug|Any CPU
		{61DED37D-412E-4982-A16B-53F31E197127}.Debug|ARM.ActiveCfg = Debug|Any CPU
		{61DED37D-412E-4982-A16B-53F31E197127}.Debug|ARM.Build.0 = Debug|Any CPU
		{61DED37D-412E-4982-A16B-53F31E197127}.Debug|iPhone.ActiveCfg = Debug|Any CPU
		{61DED37D-412E-4982-A16B-53F31E197127}.Debug|iPhone.Build.0 = Debug|Any CPU
		{61DED37D-412E-4982-A16B-53F31E197127}.Debug|iPhoneSimulator.ActiveCfg = Debug|Any CPU
		{61DED37D-412E-4982-A16B-53F31E197127}.Debug|iPhoneSimulator.Build.0 = Debug|Any CPU
		{61DED37D-412E-4982-A16B-53F31E197127}.Debug|x64.ActiveCfg = Debug|Any CPU
		{61DED37D-412E-4982-A16B-53F31E197127}.Debug|x64.Build.0 = Debug|Any CPU
		{61DED37D-412E-4982-A16B-53F31E197127}.Debug|x86.ActiveCfg = Debug|Any CPU
		{61DED37D-412E-4982-A16B-53F31E197127}.Debug|x86.Build.0 = Debug|Any CPU
		{61DED37D-412E-4982-A16B-53F31E197127}.Release|Any CPU.ActiveCfg = Release|Any CPU
		{61DED37D-412E-4982-A16B-53F31E197127}.Release|Any CPU.Build.0 = Release|Any CPU
		{61DED37D-412E-4982-A16B-53F31E197127}.Release|ARM.ActiveCfg = Release|Any CPU
		{61DED37D-412E-4982-A16B-53F31E197127}.Release|ARM.Build.0 = Release|Any CPU
		{61DED37D-412E-4982-A16B-53F31E197127}.Release|iPhone.ActiveCfg = Release|Any CPU
		{61DED37D-412E-4982-A16B-53F31E197127}.Release|iPhone.Build.0 = Release|Any CPU
		{61DED37D-412E-4982-A16B-53F31E197127}.Release|iPhoneSimulator.ActiveCfg = Release|Any CPU
		{61DED37D-412E-4982-A16B-53F31E197127}.Release|iPhoneSimulator.Build.0 = Release|Any CPU
		{61DED37D-412E-4982-A16B-53F31E197127}.Release|x64.ActiveCfg = Release|Any CPU
		{61DED37D-412E-4982-A16B-53F31E197127}.Release|x64.Build.0 = Release|Any CPU
		{61DED37D-412E-4982-A16B-53F31E197127}.Release|x86.ActiveCfg = Release|Any CPU
		{61DED37D-412E-4982-A16B-53F31E197127}.Release|x86.Build.0 = Release|Any CPU
		{57F800F0-8890-4CD7-8F06-90A75C0293D7}.Ad-Hoc|Any CPU.ActiveCfg = Release|Any CPU
		{57F800F0-8890-4CD7-8F06-90A75C0293D7}.Ad-Hoc|Any CPU.Build.0 = Release|Any CPU
		{57F800F0-8890-4CD7-8F06-90A75C0293D7}.Ad-Hoc|ARM.ActiveCfg = Release|Any CPU
		{57F800F0-8890-4CD7-8F06-90A75C0293D7}.Ad-Hoc|ARM.Build.0 = Release|Any CPU
		{57F800F0-8890-4CD7-8F06-90A75C0293D7}.Ad-Hoc|iPhone.ActiveCfg = Release|Any CPU
		{57F800F0-8890-4CD7-8F06-90A75C0293D7}.Ad-Hoc|iPhone.Build.0 = Release|Any CPU
		{57F800F0-8890-4CD7-8F06-90A75C0293D7}.Ad-Hoc|iPhoneSimulator.ActiveCfg = Release|Any CPU
		{57F800F0-8890-4CD7-8F06-90A75C0293D7}.Ad-Hoc|iPhoneSimulator.Build.0 = Release|Any CPU
		{57F800F0-8890-4CD7-8F06-90A75C0293D7}.Ad-Hoc|x64.ActiveCfg = Release|Any CPU
		{57F800F0-8890-4CD7-8F06-90A75C0293D7}.Ad-Hoc|x64.Build.0 = Release|Any CPU
		{57F800F0-8890-4CD7-8F06-90A75C0293D7}.Ad-Hoc|x86.ActiveCfg = Release|Any CPU
		{57F800F0-8890-4CD7-8F06-90A75C0293D7}.Ad-Hoc|x86.Build.0 = Release|Any CPU
		{57F800F0-8890-4CD7-8F06-90A75C0293D7}.AppStore|Any CPU.ActiveCfg = Release|Any CPU
		{57F800F0-8890-4CD7-8F06-90A75C0293D7}.AppStore|Any CPU.Build.0 = Release|Any CPU
		{57F800F0-8890-4CD7-8F06-90A75C0293D7}.AppStore|ARM.ActiveCfg = Release|Any CPU
		{57F800F0-8890-4CD7-8F06-90A75C0293D7}.AppStore|ARM.Build.0 = Release|Any CPU
		{57F800F0-8890-4CD7-8F06-90A75C0293D7}.AppStore|iPhone.ActiveCfg = Release|Any CPU
		{57F800F0-8890-4CD7-8F06-90A75C0293D7}.AppStore|iPhone.Build.0 = Release|Any CPU
		{57F800F0-8890-4CD7-8F06-90A75C0293D7}.AppStore|iPhoneSimulator.ActiveCfg = Release|Any CPU
		{57F800F0-8890-4CD7-8F06-90A75C0293D7}.AppStore|iPhoneSimulator.Build.0 = Release|Any CPU
		{57F800F0-8890-4CD7-8F06-90A75C0293D7}.AppStore|x64.ActiveCfg = Release|Any CPU
		{57F800F0-8890-4CD7-8F06-90A75C0293D7}.AppStore|x64.Build.0 = Release|Any CPU
		{57F800F0-8890-4CD7-8F06-90A75C0293D7}.AppStore|x86.ActiveCfg = Release|Any CPU
		{57F800F0-8890-4CD7-8F06-90A75C0293D7}.AppStore|x86.Build.0 = Release|Any CPU
		{57F800F0-8890-4CD7-8F06-90A75C0293D7}.Debug|Any CPU.ActiveCfg = Debug|Any CPU
		{57F800F0-8890-4CD7-8F06-90A75C0293D7}.Debug|Any CPU.Build.0 = Debug|Any CPU
		{57F800F0-8890-4CD7-8F06-90A75C0293D7}.Debug|ARM.ActiveCfg = Debug|Any CPU
		{57F800F0-8890-4CD7-8F06-90A75C0293D7}.Debug|ARM.Build.0 = Debug|Any CPU
		{57F800F0-8890-4CD7-8F06-90A75C0293D7}.Debug|iPhone.ActiveCfg = Debug|Any CPU
		{57F800F0-8890-4CD7-8F06-90A75C0293D7}.Debug|iPhone.Build.0 = Debug|Any CPU
		{57F800F0-8890-4CD7-8F06-90A75C0293D7}.Debug|iPhoneSimulator.ActiveCfg = Debug|Any CPU
		{57F800F0-8890-4CD7-8F06-90A75C0293D7}.Debug|iPhoneSimulator.Build.0 = Debug|Any CPU
		{57F800F0-8890-4CD7-8F06-90A75C0293D7}.Debug|x64.ActiveCfg = Debug|Any CPU
		{57F800F0-8890-4CD7-8F06-90A75C0293D7}.Debug|x64.Build.0 = Debug|Any CPU
		{57F800F0-8890-4CD7-8F06-90A75C0293D7}.Debug|x86.ActiveCfg = Debug|Any CPU
		{57F800F0-8890-4CD7-8F06-90A75C0293D7}.Debug|x86.Build.0 = Debug|Any CPU
		{57F800F0-8890-4CD7-8F06-90A75C0293D7}.Release|Any CPU.ActiveCfg = Release|Any CPU
		{57F800F0-8890-4CD7-8F06-90A75C0293D7}.Release|Any CPU.Build.0 = Release|Any CPU
		{57F800F0-8890-4CD7-8F06-90A75C0293D7}.Release|ARM.ActiveCfg = Release|Any CPU
		{57F800F0-8890-4CD7-8F06-90A75C0293D7}.Release|ARM.Build.0 = Release|Any CPU
		{57F800F0-8890-4CD7-8F06-90A75C0293D7}.Release|iPhone.ActiveCfg = Release|Any CPU
		{57F800F0-8890-4CD7-8F06-90A75C0293D7}.Release|iPhone.Build.0 = Release|Any CPU
		{57F800F0-8890-4CD7-8F06-90A75C0293D7}.Release|iPhoneSimulator.ActiveCfg = Release|Any CPU
		{57F800F0-8890-4CD7-8F06-90A75C0293D7}.Release|iPhoneSimulator.Build.0 = Release|Any CPU
		{57F800F0-8890-4CD7-8F06-90A75C0293D7}.Release|x64.ActiveCfg = Release|Any CPU
		{57F800F0-8890-4CD7-8F06-90A75C0293D7}.Release|x64.Build.0 = Release|Any CPU
		{57F800F0-8890-4CD7-8F06-90A75C0293D7}.Release|x86.ActiveCfg = Release|Any CPU
		{57F800F0-8890-4CD7-8F06-90A75C0293D7}.Release|x86.Build.0 = Release|Any CPU
		{49710FF2-896E-44F6-85A7-3B228E1AC929}.Ad-Hoc|Any CPU.ActiveCfg = Release|Any CPU
		{49710FF2-896E-44F6-85A7-3B228E1AC929}.Ad-Hoc|Any CPU.Build.0 = Release|Any CPU
		{49710FF2-896E-44F6-85A7-3B228E1AC929}.Ad-Hoc|ARM.ActiveCfg = Release|Any CPU
		{49710FF2-896E-44F6-85A7-3B228E1AC929}.Ad-Hoc|ARM.Build.0 = Release|Any CPU
		{49710FF2-896E-44F6-85A7-3B228E1AC929}.Ad-Hoc|iPhone.ActiveCfg = Release|Any CPU
		{49710FF2-896E-44F6-85A7-3B228E1AC929}.Ad-Hoc|iPhone.Build.0 = Release|Any CPU
		{49710FF2-896E-44F6-85A7-3B228E1AC929}.Ad-Hoc|iPhoneSimulator.ActiveCfg = Release|Any CPU
		{49710FF2-896E-44F6-85A7-3B228E1AC929}.Ad-Hoc|iPhoneSimulator.Build.0 = Release|Any CPU
		{49710FF2-896E-44F6-85A7-3B228E1AC929}.Ad-Hoc|x64.ActiveCfg = Release|Any CPU
		{49710FF2-896E-44F6-85A7-3B228E1AC929}.Ad-Hoc|x64.Build.0 = Release|Any CPU
		{49710FF2-896E-44F6-85A7-3B228E1AC929}.Ad-Hoc|x86.ActiveCfg = Release|Any CPU
		{49710FF2-896E-44F6-85A7-3B228E1AC929}.Ad-Hoc|x86.Build.0 = Release|Any CPU
		{49710FF2-896E-44F6-85A7-3B228E1AC929}.AppStore|Any CPU.ActiveCfg = Release|Any CPU
		{49710FF2-896E-44F6-85A7-3B228E1AC929}.AppStore|Any CPU.Build.0 = Release|Any CPU
		{49710FF2-896E-44F6-85A7-3B228E1AC929}.AppStore|ARM.ActiveCfg = Release|Any CPU
		{49710FF2-896E-44F6-85A7-3B228E1AC929}.AppStore|ARM.Build.0 = Release|Any CPU
		{49710FF2-896E-44F6-85A7-3B228E1AC929}.AppStore|iPhone.ActiveCfg = Release|Any CPU
		{49710FF2-896E-44F6-85A7-3B228E1AC929}.AppStore|iPhone.Build.0 = Release|Any CPU
		{49710FF2-896E-44F6-85A7-3B228E1AC929}.AppStore|iPhoneSimulator.ActiveCfg = Release|Any CPU
		{49710FF2-896E-44F6-85A7-3B228E1AC929}.AppStore|iPhoneSimulator.Build.0 = Release|Any CPU
		{49710FF2-896E-44F6-85A7-3B228E1AC929}.AppStore|x64.ActiveCfg = Release|Any CPU
		{49710FF2-896E-44F6-85A7-3B228E1AC929}.AppStore|x64.Build.0 = Release|Any CPU
		{49710FF2-896E-44F6-85A7-3B228E1AC929}.AppStore|x86.ActiveCfg = Release|Any CPU
		{49710FF2-896E-44F6-85A7-3B228E1AC929}.AppStore|x86.Build.0 = Release|Any CPU
		{49710FF2-896E-44F6-85A7-3B228E1AC929}.Debug|Any CPU.ActiveCfg = Debug|Any CPU
		{49710FF2-896E-44F6-85A7-3B228E1AC929}.Debug|Any CPU.Build.0 = Debug|Any CPU
		{49710FF2-896E-44F6-85A7-3B228E1AC929}.Debug|ARM.ActiveCfg = Debug|Any CPU
		{49710FF2-896E-44F6-85A7-3B228E1AC929}.Debug|ARM.Build.0 = Debug|Any CPU
		{49710FF2-896E-44F6-85A7-3B228E1AC929}.Debug|iPhone.ActiveCfg = Debug|Any CPU
		{49710FF2-896E-44F6-85A7-3B228E1AC929}.Debug|iPhone.Build.0 = Debug|Any CPU
		{49710FF2-896E-44F6-85A7-3B228E1AC929}.Debug|iPhoneSimulator.ActiveCfg = Debug|Any CPU
		{49710FF2-896E-44F6-85A7-3B228E1AC929}.Debug|iPhoneSimulator.Build.0 = Debug|Any CPU
		{49710FF2-896E-44F6-85A7-3B228E1AC929}.Debug|x64.ActiveCfg = Debug|Any CPU
		{49710FF2-896E-44F6-85A7-3B228E1AC929}.Debug|x64.Build.0 = Debug|Any CPU
		{49710FF2-896E-44F6-85A7-3B228E1AC929}.Debug|x86.ActiveCfg = Debug|Any CPU
		{49710FF2-896E-44F6-85A7-3B228E1AC929}.Debug|x86.Build.0 = Debug|Any CPU
		{49710FF2-896E-44F6-85A7-3B228E1AC929}.Release|Any CPU.ActiveCfg = Release|Any CPU
		{49710FF2-896E-44F6-85A7-3B228E1AC929}.Release|Any CPU.Build.0 = Release|Any CPU
		{49710FF2-896E-44F6-85A7-3B228E1AC929}.Release|ARM.ActiveCfg = Release|Any CPU
		{49710FF2-896E-44F6-85A7-3B228E1AC929}.Release|ARM.Build.0 = Release|Any CPU
		{49710FF2-896E-44F6-85A7-3B228E1AC929}.Release|iPhone.ActiveCfg = Release|Any CPU
		{49710FF2-896E-44F6-85A7-3B228E1AC929}.Release|iPhone.Build.0 = Release|Any CPU
		{49710FF2-896E-44F6-85A7-3B228E1AC929}.Release|iPhoneSimulator.ActiveCfg = Release|Any CPU
		{49710FF2-896E-44F6-85A7-3B228E1AC929}.Release|iPhoneSimulator.Build.0 = Release|Any CPU
		{49710FF2-896E-44F6-85A7-3B228E1AC929}.Release|x64.ActiveCfg = Release|Any CPU
		{49710FF2-896E-44F6-85A7-3B228E1AC929}.Release|x64.Build.0 = Release|Any CPU
		{49710FF2-896E-44F6-85A7-3B228E1AC929}.Release|x86.ActiveCfg = Release|Any CPU
		{49710FF2-896E-44F6-85A7-3B228E1AC929}.Release|x86.Build.0 = Release|Any CPU
	EndGlobalSection
	GlobalSection(SolutionProperties) = preSolution
		HideSolutionNode = FALSE
	EndGlobalSection
	GlobalSection(ExtensibilityGlobals) = postSolution
		SolutionGuid = {394CA1FB-3E55-46E8-BAAB-35BD1C2FC519}
	EndGlobalSection
EndGlobal
